
Microsoft Visual Studio Solution File, Format Version 12.00
# Visual Studio Version 17
VisualStudioVersion = 17.7.34031.279
MinimumVisualStudioVersion = 10.0.40219.1
Project("{FAE04EC0-301F-11D3-BF4B-00C04F79EFBC}") = "Projeto CRUD", "Projeto CRUD\Projeto CRUD.csproj", "{6ECDF84A-282C-4CFB-8188-DC61B49F669A}"
EndProject
Global
	GlobalSection(SolutionConfigurationPlatforms) = preSolution
		Debug|Any CPU = Debug|Any CPU
		Release|Any CPU = Release|Any CPU
	EndGlobalSection
	GlobalSection(ProjectConfigurationPlatforms) = postSolution
		{6ECDF84A-282C-4CFB-8188-DC61B49F669A}.Debug|Any CPU.ActiveCfg = Debug|Any CPU
		{6ECDF84A-282C-4CFB-8188-DC61B49F669A}.Debug|Any CPU.Build.0 = Debug|Any CPU
		{6ECDF84A-282C-4CFB-8188-DC61B49F669A}.Release|Any CPU.ActiveCfg = Release|Any CPU
		{6ECDF84A-282C-4CFB-8188-DC61B49F669A}.Release|Any CPU.Build.0 = Release|Any CPU
	EndGlobalSection
	GlobalSection(SolutionProperties) = preSolution
		HideSolutionNode = FALSE
	EndGlobalSection
	GlobalSection(ExtensibilityGlobals) = postSolution
		SolutionGuid = {68A05092-C29E-4883-ACC0-2E859FD39084}
	EndGlobalSection
EndGlobal
